# THIS IS AN AUTOGENERATED FILE. DO NOT EDIT THIS FILE DIRECTLY.
# yarn lockfile v1


swiper@^11.2.10:
  version "11.2.10"
  resolved "https://registry.yarnpkg.com/swiper/-/swiper-11.2.10.tgz#ed0b17286b56f7fe8d4b46ed61e6e0bd8daaccad"
  integrity sha512-RMeVUUjTQH+6N3ckimK93oxz6Sn5la4aDlgPzB+rBrG/smPdCTicXyhxa+woIpopz+jewEloiEE3lKo1h9w2YQ==
